github.com/jgib/utils v0.0.0-20250720191852-fa65b83ba0f4 h1:Sx4wMTyLI1HArkv/Yaaw6/P0EDqrY0QxtQamXbdaff8=
github.com/jgib/utils v0.0.0-20250720191852-fa65b83ba0f4/go.mod h1:JptIXk7A7cHJio7xJqWNres2IFWq258WKjDvXLtDB8U=
github.com/jgib/utils v0.0.0-20250724082850-155fc5d666dc h1:VrtxmJNJwHgy/fjQizOan4lbZqFcFF5Li6Slu8CEanw=
github.com/jgib/utils v0.0.0-20250724082850-155fc5d666dc/go.mod h1:+453J9Pq1eI3nTFJHautXLFP7AB/01gHeH0xo7ISv58=
